
Microsoft Visual Studio Solution File, Format Version 12.00
# Visual Studio Version 16
VisualStudioVersion = 16.0.30611.23
MinimumVisualStudioVersion = 10.0.40219.1
Project("{FAE04EC0-301F-11D3-BF4B-00C04F79EFBC}") = "RPSLSround2", "RPSLSround2\RPSLSround2.csproj", "{3340CBC3-EC45-4848-B347-AB5C536EFB68}"
EndProject
Global
	GlobalSection(SolutionConfigurationPlatforms) = preSolution
		Debug|Any CPU = Debug|Any CPU
		Release|Any CPU = Release|Any CPU
	EndGlobalSection
	GlobalSection(ProjectConfigurationPlatforms) = postSolution
		{3340CBC3-EC45-4848-B347-AB5C536EFB68}.Debug|Any CPU.ActiveCfg = Debug|Any CPU
		{3340CBC3-EC45-4848-B347-AB5C536EFB68}.Debug|Any CPU.Build.0 = Debug|Any CPU
		{3340CBC3-EC45-4848-B347-AB5C536EFB68}.Release|Any CPU.ActiveCfg = Release|Any CPU
		{3340CBC3-EC45-4848-B347-AB5C536EFB68}.Release|Any CPU.Build.0 = Release|Any CPU
	EndGlobalSection
	GlobalSection(SolutionProperties) = preSolution
		HideSolutionNode = FALSE
	EndGlobalSection
	GlobalSection(ExtensibilityGlobals) = postSolution
		SolutionGuid = {73D89918-0174-4C72-AC0A-77CB36BBB13D}
	EndGlobalSection
EndGlobal
